
Microsoft Visual Studio Solution File, Format Version 12.00
# Visual Studio Version 17
VisualStudioVersion = 17.5.33627.172
MinimumVisualStudioVersion = 10.0.40219.1
Project("{FAE04EC0-301F-11D3-BF4B-00C04F79EFBC}") = "NZWalks WebAPI  Project", "NZWalks WebAPI  Project\NZWalks WebAPI  Project.csproj", "{D24078D4-BCA8-4D58-98E7-C6DB63F16247}"
EndProject
Global
	GlobalSection(SolutionConfigurationPlatforms) = preSolution
		Debug|Any CPU = Debug|Any CPU
		Release|Any CPU = Release|Any CPU
	EndGlobalSection
	GlobalSection(ProjectConfigurationPlatforms) = postSolution
		{D24078D4-BCA8-4D58-98E7-C6DB63F16247}.Debug|Any CPU.ActiveCfg = Debug|Any CPU
		{D24078D4-BCA8-4D58-98E7-C6DB63F16247}.Debug|Any CPU.Build.0 = Debug|Any CPU
		{D24078D4-BCA8-4D58-98E7-C6DB63F16247}.Release|Any CPU.ActiveCfg = Release|Any CPU
		{D24078D4-BCA8-4D58-98E7-C6DB63F16247}.Release|Any CPU.Build.0 = Release|Any CPU
	EndGlobalSection
	GlobalSection(SolutionProperties) = preSolution
		HideSolutionNode = FALSE
	EndGlobalSection
	GlobalSection(ExtensibilityGlobals) = postSolution
		SolutionGuid = {F9AA73BF-74D3-4982-B23D-7136A3D954A1}
	EndGlobalSection
EndGlobal
